
Microsoft Visual Studio Solution File, Format Version 12.00
# Visual Studio Version 16
VisualStudioVersion = 16.0.30225.117
MinimumVisualStudioVersion = 10.0.40219.1
Project("{FAE04EC0-301F-11D3-BF4B-00C04F79EFBC}") = "Calculator", "Calculator\Calculator.csproj", "{3D3B0D6B-D84A-4181-A3DF-BB27A0AA8645}"
EndProject
Project("{FAE04EC0-301F-11D3-BF4B-00C04F79EFBC}") = "MathLib", "MathLib\MathLib.csproj", "{A59095E3-0E26-40D0-80C8-D013646632E9}"
EndProject
Project("{FAE04EC0-301F-11D3-BF4B-00C04F79EFBC}") = "Calculator.BO", "Calculator.BO\Calculator.BO.csproj", "{8E46CDF3-015D-4B6F-B97E-E90088F93AC5}"
EndProject
Project("{FAE04EC0-301F-11D3-BF4B-00C04F79EFBC}") = "Calculator.Model", "Calculator.Model\Calculator.Model.csproj", "{A511605B-3938-4F66-9350-4B280CCA9704}"
EndProject
Global
	GlobalSection(SolutionConfigurationPlatforms) = preSolution
		Debug|Any CPU = Debug|Any CPU
		Release|Any CPU = Release|Any CPU
	EndGlobalSection
	GlobalSection(ProjectConfigurationPlatforms) = postSolution
		{3D3B0D6B-D84A-4181-A3DF-BB27A0AA8645}.Debug|Any CPU.ActiveCfg = Debug|Any CPU
		{3D3B0D6B-D84A-4181-A3DF-BB27A0AA8645}.Debug|Any CPU.Build.0 = Debug|Any CPU
		{3D3B0D6B-D84A-4181-A3DF-BB27A0AA8645}.Release|Any CPU.ActiveCfg = Release|Any CPU
		{3D3B0D6B-D84A-4181-A3DF-BB27A0AA8645}.Release|Any CPU.Build.0 = Release|Any CPU
		{A59095E3-0E26-40D0-80C8-D013646632E9}.Debug|Any CPU.ActiveCfg = Debug|Any CPU
		{A59095E3-0E26-40D0-80C8-D013646632E9}.Debug|Any CPU.Build.0 = Debug|Any CPU
		{A59095E3-0E26-40D0-80C8-D013646632E9}.Release|Any CPU.ActiveCfg = Release|Any CPU
		{A59095E3-0E26-40D0-80C8-D013646632E9}.Release|Any CPU.Build.0 = Release|Any CPU
		{8E46CDF3-015D-4B6F-B97E-E90088F93AC5}.Debug|Any CPU.ActiveCfg = Debug|Any CPU
		{8E46CDF3-015D-4B6F-B97E-E90088F93AC5}.Debug|Any CPU.Build.0 = Debug|Any CPU
		{8E46CDF3-015D-4B6F-B97E-E90088F93AC5}.Release|Any CPU.ActiveCfg = Release|Any CPU
		{8E46CDF3-015D-4B6F-B97E-E90088F93AC5}.Release|Any CPU.Build.0 = Release|Any CPU
		{A511605B-3938-4F66-9350-4B280CCA9704}.Debug|Any CPU.ActiveCfg = Debug|Any CPU
		{A511605B-3938-4F66-9350-4B280CCA9704}.Debug|Any CPU.Build.0 = Debug|Any CPU
		{A511605B-3938-4F66-9350-4B280CCA9704}.Release|Any CPU.ActiveCfg = Release|Any CPU
		{A511605B-3938-4F66-9350-4B280CCA9704}.Release|Any CPU.Build.0 = Release|Any CPU
	EndGlobalSection
	GlobalSection(SolutionProperties) = preSolution
		HideSolutionNode = FALSE
	EndGlobalSection
	GlobalSection(ExtensibilityGlobals) = postSolution
		SolutionGuid = {C6AE750E-391D-4C32-809F-D227F35AF4F4}
	EndGlobalSection
EndGlobal
